
Microsoft Visual Studio Solution File, Format Version 12.00
# Visual Studio Version 17
VisualStudioVersion = 17.0.31903.59
MinimumVisualStudioVersion = 10.0.40219.1
Project("{FAE04EC0-301F-11D3-BF4B-00C04F79EFBC}") = "domain", "domain\domain.csproj", "{C01E19FA-B022-442C-9B0C-75F2E4F333AD}"
EndProject
Project("{FAE04EC0-301F-11D3-BF4B-00C04F79EFBC}") = "application", "application\application.csproj", "{D7CB1693-7A8F-4E1F-8C7C-EAEC4CF22F9C}"
EndProject
Project("{FAE04EC0-301F-11D3-BF4B-00C04F79EFBC}") = "api", "api\api.csproj", "{AEF40971-5955-433B-8470-1EE9D7FB7C5B}"
EndProject
Project("{FAE04EC0-301F-11D3-BF4B-00C04F79EFBC}") = "infrastructure", "infrastructure\infrastructure.csproj", "{B5CAFB63-7389-4678-9419-82B9294B562C}"
EndProject
Global
	GlobalSection(SolutionConfigurationPlatforms) = preSolution
		Debug|Any CPU = Debug|Any CPU
		Release|Any CPU = Release|Any CPU
	EndGlobalSection
	GlobalSection(SolutionProperties) = preSolution
		HideSolutionNode = FALSE
	EndGlobalSection
	GlobalSection(ProjectConfigurationPlatforms) = postSolution
		{C01E19FA-B022-442C-9B0C-75F2E4F333AD}.Debug|Any CPU.ActiveCfg = Debug|Any CPU
		{C01E19FA-B022-442C-9B0C-75F2E4F333AD}.Debug|Any CPU.Build.0 = Debug|Any CPU
		{C01E19FA-B022-442C-9B0C-75F2E4F333AD}.Release|Any CPU.ActiveCfg = Release|Any CPU
		{C01E19FA-B022-442C-9B0C-75F2E4F333AD}.Release|Any CPU.Build.0 = Release|Any CPU
		{D7CB1693-7A8F-4E1F-8C7C-EAEC4CF22F9C}.Debug|Any CPU.ActiveCfg = Debug|Any CPU
		{D7CB1693-7A8F-4E1F-8C7C-EAEC4CF22F9C}.Debug|Any CPU.Build.0 = Debug|Any CPU
		{D7CB1693-7A8F-4E1F-8C7C-EAEC4CF22F9C}.Release|Any CPU.ActiveCfg = Release|Any CPU
		{D7CB1693-7A8F-4E1F-8C7C-EAEC4CF22F9C}.Release|Any CPU.Build.0 = Release|Any CPU
		{AEF40971-5955-433B-8470-1EE9D7FB7C5B}.Debug|Any CPU.ActiveCfg = Debug|Any CPU
		{AEF40971-5955-433B-8470-1EE9D7FB7C5B}.Debug|Any CPU.Build.0 = Debug|Any CPU
		{AEF40971-5955-433B-8470-1EE9D7FB7C5B}.Release|Any CPU.ActiveCfg = Release|Any CPU
		{AEF40971-5955-433B-8470-1EE9D7FB7C5B}.Release|Any CPU.Build.0 = Release|Any CPU
		{B5CAFB63-7389-4678-9419-82B9294B562C}.Debug|Any CPU.ActiveCfg = Debug|Any CPU
		{B5CAFB63-7389-4678-9419-82B9294B562C}.Debug|Any CPU.Build.0 = Debug|Any CPU
		{B5CAFB63-7389-4678-9419-82B9294B562C}.Release|Any CPU.ActiveCfg = Release|Any CPU
		{B5CAFB63-7389-4678-9419-82B9294B562C}.Release|Any CPU.Build.0 = Release|Any CPU
	EndGlobalSection
EndGlobal
